
Microsoft Visual Studio Solution File, Format Version 12.00
# Visual Studio Version 17
VisualStudioVersion = 17.13.35931.197 d17.13
MinimumVisualStudioVersion = 10.0.40219.1
Project("{FAE04EC0-301F-11D3-BF4B-00C04F79EFBC}") = "MQTTPublisher", "MQTTPublisher\MQTTPublisher.csproj", "{48932441-DC1D-48A7-ADE2-6BC228D5C485}"
EndProject
Global
	GlobalSection(SolutionConfigurationPlatforms) = preSolution
		Debug|Any CPU = Debug|Any CPU
		Release|Any CPU = Release|Any CPU
	EndGlobalSection
	GlobalSection(ProjectConfigurationPlatforms) = postSolution
		{48932441-DC1D-48A7-ADE2-6BC228D5C485}.Debug|Any CPU.ActiveCfg = Debug|Any CPU
		{48932441-DC1D-48A7-ADE2-6BC228D5C485}.Debug|Any CPU.Build.0 = Debug|Any CPU
		{48932441-DC1D-48A7-ADE2-6BC228D5C485}.Release|Any CPU.ActiveCfg = Release|Any CPU
		{48932441-DC1D-48A7-ADE2-6BC228D5C485}.Release|Any CPU.Build.0 = Release|Any CPU
	EndGlobalSection
	GlobalSection(SolutionProperties) = preSolution
		HideSolutionNode = FALSE
	EndGlobalSection
	GlobalSection(ExtensibilityGlobals) = postSolution
		SolutionGuid = {F234C0B1-6983-47CB-BF83-C6A61441DE24}
	EndGlobalSection
EndGlobal
